
Microsoft Visual Studio Solution File, Format Version 12.00
# Visual Studio 2012
Project("{f2a71f9b-5d33-465a-a702-920d77279786}") = "a1_numbers_of_Peano", "a1_numbers_of_Peano\a1_numbers_of_Peano.fsproj", "{B23D3A5A-379A-4213-A4CD-828C3B26F3A6}"
EndProject
Global
	GlobalSection(SolutionConfigurationPlatforms) = preSolution
		Debug|x86 = Debug|x86
		Release|x86 = Release|x86
	EndGlobalSection
	GlobalSection(ProjectConfigurationPlatforms) = postSolution
		{B23D3A5A-379A-4213-A4CD-828C3B26F3A6}.Debug|x86.ActiveCfg = Debug|x86
		{B23D3A5A-379A-4213-A4CD-828C3B26F3A6}.Debug|x86.Build.0 = Debug|x86
		{B23D3A5A-379A-4213-A4CD-828C3B26F3A6}.Release|x86.ActiveCfg = Release|x86
		{B23D3A5A-379A-4213-A4CD-828C3B26F3A6}.Release|x86.Build.0 = Release|x86
	EndGlobalSection
EndGlobal
